
Microsoft Visual Studio Solution File, Format Version 12.00
Project("{FAE04EC0-301F-11D3-BF4B-00C04F79EFBC}") = "LinQObrigadaProject", "LinQObrigadaProject\LinQObrigadaProject.csproj", "{E801D594-16DC-4720-9266-806E9520CF40}"
EndProject
Global
	GlobalSection(SolutionConfigurationPlatforms) = preSolution
		Debug|Any CPU = Debug|Any CPU
		Release|Any CPU = Release|Any CPU
	EndGlobalSection
	GlobalSection(ProjectConfigurationPlatforms) = postSolution
		{E801D594-16DC-4720-9266-806E9520CF40}.Debug|Any CPU.ActiveCfg = Debug|Any CPU
		{E801D594-16DC-4720-9266-806E9520CF40}.Debug|Any CPU.Build.0 = Debug|Any CPU
		{E801D594-16DC-4720-9266-806E9520CF40}.Release|Any CPU.ActiveCfg = Release|Any CPU
		{E801D594-16DC-4720-9266-806E9520CF40}.Release|Any CPU.Build.0 = Release|Any CPU
	EndGlobalSection
EndGlobal
